PODS:
  - BranchSDK (3.4.4)
  - Rudder (2.4.3)
  - RudderBranch (1.1.0):
    - BranchSDK (~> 3.4.4)
    - Rudder (~> 2.0)

DEPENDENCIES:
  - BranchSDK (~> 3.4.4)
  - Rudder (~> 2.0)
  - RudderBranch (from `.`)

SPEC REPOS:
  https://github.com/CocoaPods/Specs.git:
    - BranchSDK
    - Rudder

EXTERNAL SOURCES:
  RudderBranch:
    :path: "."

SPEC CHECKSUMS:
  BranchSDK: 28bec34fb99c53ab8e86b7bf69cc55a4505fe0b3
  Rudder: 6d2c0775d5b606e05e00670615ee7f9c0c6d2813
  RudderBranch: 1bd7e1fa16011c4c684147f678cc1bdc0ac52866

PODFILE CHECKSUM: c0e8b5b74aac82656808fe48c170d4ad0bb7802c

COCOAPODS: 1.15.2
