PODS:
  - Branch (1.41.0)
  - Rudder (2.4.0)
  - RudderBranch (1.1.0):
    - Branch (~> 1.41.0)
    - Rudder (~> 2.0)

DEPENDENCIES:
  - Branch (~> 1.41.0)
  - Rudder (~> 2.0)
  - RudderBranch (from `.`)

SPEC REPOS:
  https://github.com/CocoaPods/Specs.git:
    - Branch
    - Rudder

EXTERNAL SOURCES:
  RudderBranch:
    :path: "."

SPEC CHECKSUMS:
  Branch: 5b53e039f5d5cdd12dc5d34b1a6b165168cab9d2
  Rudder: 7595af0282d02a88dd61816415d4b28cba16a195
  RudderBranch: 78404c6f92f34161e677a238220b4b8ec4a52e8b

PODFILE CHECKSUM: a5ea7780ae47d77ee094ba9dbdd2f0f8029651b3

COCOAPODS: 1.12.1
